// !$*UTF8*$!
{
	archiveVersion = 1;
	classes = {
	};
	objectVersion = 56;
	objects = {

/* Begin PBXBuildFile section */
		523EACD72AFD7AC800865089 /* MotivationalApp1App.swift in Sources */ = {isa = PBXBuildFile; fileRef = 523EACD62AFD7AC800865089 /* MotivationalApp1App.swift */; };
		523EACD92AFD7AC800865089 /* ContentView.swift in Sources */ = {isa = PBXBuildFile; fileRef = 523EACD82AFD7AC800865089 /* ContentView.swift */; };
		523EACDB2AFD7ACC00865089 /* Assets.xcassets in Resources */ = {isa = PBXBuildFile; fileRef = 523EACDA2AFD7ACC00865089 /* Assets.xcassets */; };
		523EACDE2AFD7ACC00865089 /* Preview Assets.xcassets in Resources */ = {isa = PBXBuildFile; fileRef = 523EACDD2AFD7ACC00865089 /* Preview Assets.xcassets */; };
		523EACE92AFDA3D100865089 /* Apicall.swift in Sources */ = {isa = PBXBuildFile; fileRef = 523EACE82AFDA3D100865089 /* Apicall.swift */; };
		5298AF1C2B14F36F00772C24 /* Userview.swift in Sources */ = {isa = PBXBuildFile; fileRef = 5298AF1B2B14F36F00772C24 /* Userview.swift */; };
		5298AF1E2B14F3BB00772C24 /* UserDetailsView.swift in Sources */ = {isa = PBXBuildFile; fileRef = 5298AF1D2B14F3BB00772C24 /* UserDetailsView.swift */; };
		5298AF222B14F83E00772C24 /* ContentViewModel.swift in Sources */ = {isa = PBXBuildFile; fileRef = 5298AF212B14F83E00772C24 /* ContentViewModel.swift */; };
/* End PBXBuildFile section */

/* Begin PBXFileReference section */
		523EACD32AFD7AC800865089 /* MotivationalApp1.app */ = {isa = PBXFileReference; explicitFileType = wrapper.application; includeInIndex = 0; path = MotivationalApp1.app; sourceTree = BUILT_PRODUCTS_DIR; };
		523EACD62AFD7AC800865089 /* MotivationalApp1App.swift */ = {isa = PBXFileReference; lastKnownFileType = sourcecode.swift; path = MotivationalApp1App.swift; sourceTree = "<group>"; };
		523EACD82AFD7AC800865089 /* ContentView.swift */ = {isa = PBXFileReference; lastKnownFileType = sourcecode.swift; path = ContentView.swift; sourceTree = "<group>"; };
		523EACDA2AFD7ACC00865089 /* Assets.xcassets */ = {isa = PBXFileReference; lastKnownFileType = folder.assetcatalog; path = Assets.xcassets; sourceTree = "<group>"; };
		523EACDD2AFD7ACC00865089 /* Preview Assets.xcassets */ = {isa = PBXFileReference; lastKnownFileType = folder.assetcatalog; path = "Preview Assets.xcassets"; sourceTree = "<group>"; };
		523EACE82AFDA3D100865089 /* Apicall.swift */ = {isa = PBXFileReference; lastKnownFileType = sourcecode.swift; path = Apicall.swift; sourceTree = "<group>"; };
		5298AF1B2B14F36F00772C24 /* Userview.swift */ = {isa = PBXFileReference; lastKnownFileType = sourcecode.swift; path = Userview.swift; sourceTree = "<group>"; };
		5298AF1D2B14F3BB00772C24 /* UserDetailsView.swift */ = {isa = PBXFileReference; lastKnownFileType = sourcecode.swift; path = UserDetailsView.swift; sourceTree = "<group>"; };
		5298AF212B14F83E00772C24 /* ContentViewModel.swift */ = {isa = PBXFileReference; lastKnownFileType = sourcecode.swift; path = ContentViewModel.swift; sourceTree = "<group>"; };
/* End PBXFileReference section */

/* Begin PBXFrameworksBuildPhase section */
		523EACD02AFD7AC800865089 /* Frameworks */ = {
			isa = PBXFrameworksBuildPhase;
			buildActionMask = 2147483647;
			files = (
			);
			runOnlyForDeploymentPostprocessing = 0;
		};
/* End PBXFrameworksBuildPhase section */

/* Begin PBXGroup section */
		523EACCA2AFD7AC800865089 = {
			isa = PBXGroup;
			children = (
				523EACD52AFD7AC800865089 /* MotivationalApp1 */,
				523EACD42AFD7AC800865089 /* Products */,
			);
			sourceTree = "<group>";
		};
		523EACD42AFD7AC800865089 /* Products */ = {
			isa = PBXGroup;
			children = (
				523EACD32AFD7AC800865089 /* MotivationalApp1.app */,
			);
			name = Products;
			sourceTree = "<group>";
		};
		523EACD52AFD7AC800865089 /* MotivationalApp1 */ = {
			isa = PBXGroup;
			children = (
				523EACD82AFD7AC800865089 /* ContentView.swift */,
				5298AF1B2B14F36F00772C24 /* Userview.swift */,
				5298AF1D2B14F3BB00772C24 /* UserDetailsView.swift */,
				5298AF202B14F57C00772C24 /* Models */,
				523EACDC2AFD7ACC00865089 /* Preview Content */,
			);
			path = MotivationalApp1;
			sourceTree = "<group>";
		};
		523EACDC2AFD7ACC00865089 /* Preview Content */ = {
			isa = PBXGroup;
			children = (
				523EACDA2AFD7ACC00865089 /* Assets.xcassets */,
				523EACDD2AFD7ACC00865089 /* Preview Assets.xcassets */,
			);
			path = "Preview Content";
			sourceTree = "<group>";
		};
		5298AF1F2B14F54300772C24 /*  ViewModels */ = {
			isa = PBXGroup;
			children = (
				5298AF212B14F83E00772C24 /* ContentViewModel.swift */,
				523EACE82AFDA3D100865089 /* Apicall.swift */,
			);
			path = " ViewModels";
			sourceTree = "<group>";
		};
		5298AF202B14F57C00772C24 /* Models */ = {
			isa = PBXGroup;
			children = (
				523EACD62AFD7AC800865089 /* MotivationalApp1App.swift */,
				5298AF1F2B14F54300772C24 /*  ViewModels */,
			);
			path = Models;
			sourceTree = "<group>";
		};
/* End PBXGroup section */

/* Begin PBXNativeTarget section */
		523EACD22AFD7AC800865089 /* MotivationalApp1 */ = {
			isa = PBXNativeTarget;
			buildConfigurationList = 523EACE12AFD7ACC00865089 /* Build configuration list for PBXNativeTarget "MotivationalApp1" */;
			buildPhases = (
				523EACCF2AFD7AC800865089 /* Sources */,
				523EACD02AFD7AC800865089 /* Frameworks */,
				523EACD12AFD7AC800865089 /* Resources */,
			);
			buildRules = (
			);
			dependencies = (
			);
			name = MotivationalApp1;
			productName = MotivationalApp1;
			productReference = 523EACD32AFD7AC800865089 /* MotivationalApp1.app */;
			productType = "com.apple.product-type.application";
		};
/* End PBXNativeTarget section */

/* Begin PBXProject section */
		523EACCB2AFD7AC800865089 /* Project object */ = {
			isa = PBXProject;
			attributes = {
				BuildIndependentTargetsInParallel = 1;
				LastSwiftUpdateCheck = 1500;
				LastUpgradeCheck = 1500;
				TargetAttributes = {
					523EACD22AFD7AC800865089 = {
						CreatedOnToolsVersion = 15.0.1;
					};
				};
			};
			buildConfigurationList = 523EACCE2AFD7AC800865089 /* Build configuration list for PBXProject "MotivationalApp1" */;
			compatibilityVersion = "Xcode 14.0";
			developmentRegion = en;
			hasScannedForEncodings = 0;
			knownRegions = (
				en,
				Base,
			);
			mainGroup = 523EACCA2AFD7AC800865089;
			productRefGroup = 523EACD42AFD7AC800865089 /* Products */;
			projectDirPath = "";
			projectRoot = "";
			targets = (
				523EACD22AFD7AC800865089 /* MotivationalApp1 */,
			);
		};
/* End PBXProject section */

/* Begin PBXResourcesBuildPhase section */
		523EACD12AFD7AC800865089 /* Resources */ = {
			isa = PBXResourcesBuildPhase;
			buildActionMask = 2147483647;
			files = (
				523EACDE2AFD7ACC00865089 /* Preview Assets.xcassets in Resources */,
				523EACDB2AFD7ACC00865089 /* Assets.xcassets in Resources */,
			);
			runOnlyForDeploymentPostprocessing = 0;
		};
/* End PBXResourcesBuildPhase section */

/* Begin PBXSourcesBuildPhase section */
		523EACCF2AFD7AC800865089 /* Sources */ = {
			isa = PBXSourcesBuildPhase;
			buildActionMask = 2147483647;
			files = (
				5298AF222B14F83E00772C24 /* ContentViewModel.swift in Sources */,
				5298AF1E2B14F3BB00772C24 /* UserDetailsView.swift in Sources */,
				523EACD92AFD7AC800865089 /* ContentView.swift in Sources */,
				523EACE92AFDA3D100865089 /* Apicall.swift in Sources */,
				523EACD72AFD7AC800865089 /* MotivationalApp1App.swift in Sources */,
				5298AF1C2B14F36F00772C24 /* Userview.swift in Sources */,
			);
			runOnlyForDeploymentPostprocessing = 0;
		};
/* End PBXSourcesBuildPhase section */

/* Begin XCBuildConfiguration section */
		523EACDF2AFD7ACC00865089 /* Debug */ = {
			isa = XCBuildConfiguration;
			buildSettings = {
				ALWAYS_SEARCH_USER_PATHS = NO;
				ASSETCATALOG_COMPILER_GENERATE_SWIFT_ASSET_SYMBOL_EXTENSIONS = YES;
				CLANG_ANALYZER_NONNULL = YES;
				CLANG_ANALYZER_NUMBER_OBJECT_CONVERSION = YES_AGGRESSIVE;
				CLANG_CXX_LANGUAGE_STANDARD = "gnu++20";
				CLANG_ENABLE_MODULES = YES;
				CLANG_ENABLE_OBJC_ARC = YES;
				CLANG_ENABLE_OBJC_WEAK = YES;
				CLANG_WARN_BLOCK_CAPTURE_AUTORELEASING = YES;
				CLANG_WARN_BOOL_CONVERSION = YES;
				CLANG_WARN_COMMA = YES;
				CLANG_WARN_CONSTANT_CONVERSION = YES;
				CLANG_WARN_DEPRECATED_OBJC_IMPLEMENTATIONS = YES;
				CLANG_WARN_DIRECT_OBJC_ISA_USAGE = YES_ERROR;
				CLANG_WARN_DOCUMENTATION_COMMENTS = YES;
				CLANG_WARN_EMPTY_BODY = YES;
				CLANG_WARN_ENUM_CONVERSION = YES;
				CLANG_WARN_INFINITE_RECURSION = YES;
				CLANG_WARN_INT_CONVERSION = YES;
				CLANG_WARN_NON_LITERAL_NULL_CONVERSION = YES;
				CLANG_WARN_OBJC_IMPLICIT_RETAIN_SELF = YES;
				CLANG_WARN_OBJC_LITERAL_CONVERSION = YES;
				CLANG_WARN_OBJC_ROOT_CLASS = YES_ERROR;
				CLANG_WARN_QUOTED_INCLUDE_IN_FRAMEWORK_HEADER = YES;
				CLANG_WARN_RANGE_LOOP_ANALYSIS = YES;
				CLANG_WARN_STRICT_PROTOTYPES = YES;
				CLANG_WARN_SUSPICIOUS_MOVE = YES;
				CLANG_WARN_UNGUARDED_AVAILABILITY = YES_AGGRESSIVE;
				CLANG_WARN_UNREACHABLE_CODE = YES;
				CLANG_WARN__DUPLICATE_METHOD_MATCH = YES;
				COPY_PHASE_STRIP = NO;
				DEBUG_INFORMATION_FORMAT = dwarf;
				ENABLE_STRICT_OBJC_MSGSEND = YES;
				ENABLE_TESTABILITY = YES;
				ENABLE_USER_SCRIPT_SANDBOXING = YES;
				GCC_C_LANGUAGE_STANDARD = gnu17;
				GCC_DYNAMIC_NO_PIC = NO;
				GCC_NO_COMMON_BLOCKS = YES;
				GCC_OPTIMIZATION_LEVEL = 0;
				GCC_PREPROCESSOR_DEFINITIONS = (
					"DEBUG=1",
					"$(inherited)",
				);
				GCC_WARN_64_TO_32_BIT_CONVERSION = YES;
				GCC_WARN_ABOUT_RETURN_TYPE = YES_ERROR;
				GCC_WARN_UNDECLARED_SELECTOR = YES;
				GCC_WARN_UNINITIALIZED_AUTOS = YES_AGGRESSIVE;
				GCC_WARN_UNUSED_FUNCTION = YES;
				GCC_WARN_UNUSED_VARIABLE = YES;
				IPHONEOS_DEPLOYMENT_TARGET = 17.0;
				LOCALIZATION_PREFERS_STRING_CATALOGS = YES;
				MTL_ENABLE_DEBUG_INFO = INCLUDE_SOURCE;
				MTL_FAST_MATH = YES;
				ONLY_ACTIVE_ARCH = YES;
				OTHER_LDFLAGS = "$(inherited)";
				SDKROOT = iphoneos;
				SWIFT_ACTIVE_COMPILATION_CONDITIONS = "DEBUG $(inherited)";
				SWIFT_OPTIMIZATION_LEVEL = "-Onone";
			};
			name = Debug;
		};
		523EACE02AFD7ACC00865089 /* Release */ = {
			isa = XCBuildConfiguration;
			buildSettings = {
				ALWAYS_SEARCH_USER_PATHS = NO;
				ASSETCATALOG_COMPILER_GENERATE_SWIFT_ASSET_SYMBOL_EXTENSIONS = YES;
				CLANG_ANALYZER_NONNULL = YES;
				CLANG_ANALYZER_NUMBER_OBJECT_CONVERSION = YES_AGGRESSIVE;
				CLANG_CXX_LANGUAGE_STANDARD = "gnu++20";
				CLANG_ENABLE_MODULES = YES;
				CLANG_ENABLE_OBJC_ARC = YES;
				CLANG_ENABLE_OBJC_WEAK = YES;
				CLANG_WARN_BLOCK_CAPTURE_AUTORELEASING = YES;
				CLANG_WARN_BOOL_CONVERSION = YES;
				CLANG_WARN_COMMA = YES;
				CLANG_WARN_CONSTANT_CONVERSION = YES;
				CLANG_WARN_DEPRECATED_OBJC_IMPLEMENTATIONS = YES;
				CLANG_WARN_DIRECT_OBJC_ISA_USAGE = YES_ERROR;
				CLANG_WARN_DOCUMENTATION_COMMENTS = YES;
				CLANG_WARN_EMPTY_BODY = YES;
				CLANG_WARN_ENUM_CONVERSION = YES;
				CLANG_WARN_INFINITE_RECURSION = YES;
				CLANG_WARN_INT_CONVERSION = YES;
				CLANG_WARN_NON_LITERAL_NULL_CONVERSION = YES;
				CLANG_WARN_OBJC_IMPLICIT_RETAIN_SELF = YES;
				CLANG_WARN_OBJC_LITERAL_CONVERSION = YES;
				CLANG_WARN_OBJC_ROOT_CLASS = YES_ERROR;
				CLANG_WARN_QUOTED_INCLUDE_IN_FRAMEWORK_HEADER = YES;
				CLANG_WARN_RANGE_LOOP_ANALYSIS = YES;
				CLANG_WARN_STRICT_PROTOTYPES = YES;
				CLANG_WARN_SUSPICIOUS_MOVE = YES;
				CLANG_WARN_UNGUARDED_AVAILABILITY = YES_AGGRESSIVE;
				CLANG_WARN_UNREACHABLE_CODE = YES;
				CLANG_WARN__DUPLICATE_METHOD_MATCH = YES;
				COPY_PHASE_STRIP = NO;
				DEBUG_INFORMATION_FORMAT = "dwarf-with-dsym";
				ENABLE_NS_ASSERTIONS = NO;
				ENABLE_STRICT_OBJC_MSGSEND = YES;
				ENABLE_USER_SCRIPT_SANDBOXING = YES;
				GCC_C_LANGUAGE_STANDARD = gnu17;
				GCC_NO_COMMON_BLOCKS = YES;
				GCC_WARN_64_TO_32_BIT_CONVERSION = YES;
				GCC_WARN_ABOUT_RETURN_TYPE = YES_ERROR;
				GCC_WARN_UNDECLARED_SELECTOR = YES;
				GCC_WARN_UNINITIALIZED_AUTOS = YES_AGGRESSIVE;
				GCC_WARN_UNUSED_FUNCTION = YES;
				GCC_WARN_UNUSED_VARIABLE = YES;
				IPHONEOS_DEPLOYMENT_TARGET = 17.0;
				LOCALIZATION_PREFERS_STRING_CATALOGS = YES;
				MTL_ENABLE_DEBUG_INFO = NO;
				MTL_FAST_MATH = YES;
				OTHER_LDFLAGS = "$(inherited)";
				SDKROOT = iphoneos;
				SWIFT_COMPILATION_MODE = wholemodule;
				VALIDATE_PRODUCT = YES;
			};
			name = Release;
		};
		523EACE22AFD7ACC00865089 /* Debug */ = {
			isa = XCBuildConfiguration;
			buildSettings = {
				ASSETCATALOG_COMPILER_APPICON_NAME = AppIcon;
				ASSETCATALOG_COMPILER_GLOBAL_ACCENT_COLOR_NAME = AccentColor;
				CODE_SIGN_STYLE = Automatic;
				CURRENT_PROJECT_VERSION = 1;
				DEVELOPMENT_ASSET_PATHS = "\"MotivationalApp1/Preview Content\"";
				DEVELOPMENT_TEAM = 4C693GFHSA;
				ENABLE_PREVIEWS = YES;
				GENERATE_INFOPLIST_FILE = YES;
				INFOPLIST_KEY_UIApplicationSceneManifest_Generation = YES;
				INFOPLIST_KEY_UIApplicationSupportsIndirectInputEvents = YES;
				INFOPLIST_KEY_UILaunchScreen_Generation = YES;
				INFOPLIST_KEY_UISupportedInterfaceOrientations_iPad = "UIInterfaceOrientationPortrait UIInterfaceOrientationPortraitUpsideDown UIInterfaceOrientationLandscapeLeft UIInterfaceOrientationLandscapeRight";
				INFOPLIST_KEY_UISupportedInterfaceOrientations_iPhone = "UIInterfaceOrientationPortrait UIInterfaceOrientationLandscapeLeft UIInterfaceOrientationLandscapeRight";
				LD_RUNPATH_SEARCH_PATHS = (
					"$(inherited)",
					"@executable_path/Frameworks",
				);
				MARKETING_VERSION = 1.0;
				PRODUCT_BUNDLE_IDENTIFIER = silvana.MotivationalApp1;
				PRODUCT_NAME = "$(TARGET_NAME)";
				SWIFT_EMIT_LOC_STRINGS = YES;
				SWIFT_VERSION = 5.0;
				TARGETED_DEVICE_FAMILY = "1,2";
			};
			name = Debug;
		};
		523EACE32AFD7ACC00865089 /* Release */ = {
			isa = XCBuildConfiguration;
			buildSettings = {
				ASSETCATALOG_COMPILER_APPICON_NAME = AppIcon;
				ASSETCATALOG_COMPILER_GLOBAL_ACCENT_COLOR_NAME = AccentColor;
				CODE_SIGN_STYLE = Automatic;
				CURRENT_PROJECT_VERSION = 1;
				DEVELOPMENT_ASSET_PATHS = "\"MotivationalApp1/Preview Content\"";
				DEVELOPMENT_TEAM = 4C693GFHSA;
				ENABLE_PREVIEWS = YES;
				GENERATE_INFOPLIST_FILE = YES;
				INFOPLIST_KEY_UIApplicationSceneManifest_Generation = YES;
				INFOPLIST_KEY_UIApplicationSupportsIndirectInputEvents = YES;
				INFOPLIST_KEY_UILaunchScreen_Generation = YES;
				INFOPLIST_KEY_UISupportedInterfaceOrientations_iPad = "UIInterfaceOrientationPortrait UIInterfaceOrientationPortraitUpsideDown UIInterfaceOrientationLandscapeLeft UIInterfaceOrientationLandscapeRight";
				INFOPLIST_KEY_UISupportedInterfaceOrientations_iPhone = "UIInterfaceOrientationPortrait UIInterfaceOrientationLandscapeLeft UIInterfaceOrientationLandscapeRight";
				LD_RUNPATH_SEARCH_PATHS = (
					"$(inherited)",
					"@executable_path/Frameworks",
				);
				MARKETING_VERSION = 1.0;
				PRODUCT_BUNDLE_IDENTIFIER = silvana.MotivationalApp1;
				PRODUCT_NAME = "$(TARGET_NAME)";
				SWIFT_EMIT_LOC_STRINGS = YES;
				SWIFT_VERSION = 5.0;
				TARGETED_DEVICE_FAMILY = "1,2";
			};
			name = Release;
		};
/* End XCBuildConfiguration section */

/* Begin XCConfigurationList section */
		523EACCE2AFD7AC800865089 /* Build configuration list for PBXProject "MotivationalApp1" */ = {
			isa = XCConfigurationList;
			buildConfigurations = (
				523EACDF2AFD7ACC00865089 /* Debug */,
				523EACE02AFD7ACC00865089 /* Release */,
			);
			defaultConfigurationIsVisible = 0;
			defaultConfigurationName = Release;
		};
		523EACE12AFD7ACC00865089 /* Build configuration list for PBXNativeTarget "MotivationalApp1" */ = {
			isa = XCConfigurationList;
			buildConfigurations = (
				523EACE22AFD7ACC00865089 /* Debug */,
				523EACE32AFD7ACC00865089 /* Release */,
			);
			defaultConfigurationIsVisible = 0;
			defaultConfigurationName = Release;
		};
/* End XCConfigurationList section */
	};
	rootObject = 523EACCB2AFD7AC800865089 /* Project object */;
}
